
Microsoft Visual Studio Solution File, Format Version 12.00
# Visual Studio Version 16
VisualStudioVersion = 16.0.30717.126
MinimumVisualStudioVersion = 10.0.40219.1
Project("{FAE04EC0-301F-11D3-BF4B-00C04F79EFBC}") = "UE4SourceGenerator", "UE4SourceGenerator\UE4SourceGenerator.csproj", "{5E5ACDBB-0373-4458-9AF3-FDCA8A0FCF87}"
EndProject
Global
	GlobalSection(SolutionConfigurationPlatforms) = preSolution
		Debug|Any CPU = Debug|Any CPU
		Release|Any CPU = Release|Any CPU
	EndGlobalSection
	GlobalSection(ProjectConfigurationPlatforms) = postSolution
		{5E5ACDBB-0373-4458-9AF3-FDCA8A0FCF87}.Debug|Any CPU.ActiveCfg = Debug|Any CPU
		{5E5ACDBB-0373-4458-9AF3-FDCA8A0FCF87}.Debug|Any CPU.Build.0 = Debug|Any CPU
		{5E5ACDBB-0373-4458-9AF3-FDCA8A0FCF87}.Release|Any CPU.ActiveCfg = Release|Any CPU
		{5E5ACDBB-0373-4458-9AF3-FDCA8A0FCF87}.Release|Any CPU.Build.0 = Release|Any CPU
	EndGlobalSection
	GlobalSection(SolutionProperties) = preSolution
		HideSolutionNode = FALSE
	EndGlobalSection
	GlobalSection(ExtensibilityGlobals) = postSolution
		SolutionGuid = {332E627D-4E98-4FB4-A427-B3CD3C413B9A}
	EndGlobalSection
EndGlobal
